
Microsoft Visual Studio Solution File, Format Version 12.00
# Visual Studio 15
VisualStudioVersion = 15.0.28307.438
MinimumVisualStudioVersion = 10.0.40219.1
Project("{FAE04EC0-301F-11D3-BF4B-00C04F79EFBC}") = "Vip.Printer", "Vip.Printer\Vip.Printer.csproj", "{3D1CA98C-1503-4D02-A20E-CCCFD17006C4}"
EndProject
Project("{FAE04EC0-301F-11D3-BF4B-00C04F79EFBC}") = "Vip.Printer.Demo", "Vip.Printer.Demo\Vip.Printer.Demo.csproj", "{B9F0CAC4-62AE-4A27-9824-C522C94050E4}"
EndProject
Global
	GlobalSection(SolutionConfigurationPlatforms) = preSolution
		Debug|Any CPU = Debug|Any CPU
		Release|Any CPU = Release|Any CPU
	EndGlobalSection
	GlobalSection(ProjectConfigurationPlatforms) = postSolution
		{3D1CA98C-1503-4D02-A20E-CCCFD17006C4}.Debug|Any CPU.ActiveCfg = Debug|Any CPU
		{3D1CA98C-1503-4D02-A20E-CCCFD17006C4}.Debug|Any CPU.Build.0 = Debug|Any CPU
		{3D1CA98C-1503-4D02-A20E-CCCFD17006C4}.Release|Any CPU.ActiveCfg = Release|Any CPU
		{3D1CA98C-1503-4D02-A20E-CCCFD17006C4}.Release|Any CPU.Build.0 = Release|Any CPU
		{B9F0CAC4-62AE-4A27-9824-C522C94050E4}.Debug|Any CPU.ActiveCfg = Debug|Any CPU
		{B9F0CAC4-62AE-4A27-9824-C522C94050E4}.Debug|Any CPU.Build.0 = Debug|Any CPU
		{B9F0CAC4-62AE-4A27-9824-C522C94050E4}.Release|Any CPU.ActiveCfg = Release|Any CPU
		{B9F0CAC4-62AE-4A27-9824-C522C94050E4}.Release|Any CPU.Build.0 = Release|Any CPU
	EndGlobalSection
	GlobalSection(SolutionProperties) = preSolution
		HideSolutionNode = FALSE
	EndGlobalSection
	GlobalSection(ExtensibilityGlobals) = postSolution
		SolutionGuid = {CAA5D0E7-E72B-4AC5-9804-4ABE07C16806}
	EndGlobalSection
EndGlobal
